// !$*UTF8*$!
{
	archiveVersion = 1;
	classes = {
	};
	objectVersion = 52;
	objects = {

/* Begin PBXBuildFile section */
		98110BC325AB60AA001D1618 /* RemoteImageCircle.swift in Sources */ = {isa = PBXBuildFile; fileRef = 98110BC225AB60AA001D1618 /* RemoteImageCircle.swift */; };
		98110BC825AB63CC001D1618 /* CardModel.swift in Sources */ = {isa = PBXBuildFile; fileRef = 98110BC725AB63CC001D1618 /* CardModel.swift */; };
		98110BE625AB838B001D1618 /* PaperModel.swift in Sources */ = {isa = PBXBuildFile; fileRef = 98110BE525AB838B001D1618 /* PaperModel.swift */; };
		98110BEB25AB83F5001D1618 /* CardGalleryModel.swift in Sources */ = {isa = PBXBuildFile; fileRef = 98110BEA25AB83F5001D1618 /* CardGalleryModel.swift */; };
		98110BF025AB8471001D1618 /* PrimaryViewModel.swift in Sources */ = {isa = PBXBuildFile; fileRef = 98110BEF25AB8471001D1618 /* PrimaryViewModel.swift */; };
		98110C0925AB87F5001D1618 /* AppConfiguration.swift in Sources */ = {isa = PBXBuildFile; fileRef = 98110C0825AB87F5001D1618 /* AppConfiguration.swift */; };
		98110C1D25ABC2D4001D1618 /* Routing.swift in Sources */ = {isa = PBXBuildFile; fileRef = 98110C1C25ABC2D4001D1618 /* Routing.swift */; };
		983F462C264E9F8200AFBF25 /* UIColor+rgb.swift in Sources */ = {isa = PBXBuildFile; fileRef = 983F462B264E9F8200AFBF25 /* UIColor+rgb.swift */; };
		983F462E264ED78300AFBF25 /* PrimaryView.swift in Sources */ = {isa = PBXBuildFile; fileRef = 983F462D264ED78300AFBF25 /* PrimaryView.swift */; };
		983F4632264F0FD600AFBF25 /* TabsModel.swift in Sources */ = {isa = PBXBuildFile; fileRef = 983F4631264F0FD600AFBF25 /* TabsModel.swift */; };
		983F4638265002CE00AFBF25 /* BubbleListModel.swift in Sources */ = {isa = PBXBuildFile; fileRef = 983F4637265002CE00AFBF25 /* BubbleListModel.swift */; };
		983F463A2650043400AFBF25 /* ListModel.swift in Sources */ = {isa = PBXBuildFile; fileRef = 983F46392650043400AFBF25 /* ListModel.swift */; };
		983F463C2650048300AFBF25 /* GridModel.swift in Sources */ = {isa = PBXBuildFile; fileRef = 983F463B2650048300AFBF25 /* GridModel.swift */; };
		983F463E2650460B00AFBF25 /* CatalogGridModel.swift in Sources */ = {isa = PBXBuildFile; fileRef = 983F463D2650460B00AFBF25 /* CatalogGridModel.swift */; };
		983F464026504FF800AFBF25 /* PhraseModel.swift in Sources */ = {isa = PBXBuildFile; fileRef = 983F463F26504FF800AFBF25 /* PhraseModel.swift */; };
		983F46422650511000AFBF25 /* PhraseView.swift in Sources */ = {isa = PBXBuildFile; fileRef = 983F46412650511000AFBF25 /* PhraseView.swift */; };
		983F46472650693200AFBF25 /* Introspect in Frameworks */ = {isa = PBXBuildFile; productRef = 983F46462650693200AFBF25 /* Introspect */; };
		983FE884263ECA860087213B /* Layout.swift in Sources */ = {isa = PBXBuildFile; fileRef = 983FE883263ECA860087213B /* Layout.swift */; };
		988CB63525AA18FF00E87FEA /* AppDelegate.swift in Sources */ = {isa = PBXBuildFile; fileRef = 988CB63425AA18FF00E87FEA /* AppDelegate.swift */; };
		988CB63725AA18FF00E87FEA /* SceneDelegate.swift in Sources */ = {isa = PBXBuildFile; fileRef = 988CB63625AA18FF00E87FEA /* SceneDelegate.swift */; };
		988CB63925AA18FF00E87FEA /* MainView.swift in Sources */ = {isa = PBXBuildFile; fileRef = 988CB63825AA18FF00E87FEA /* MainView.swift */; };
		988CB63B25AA190100E87FEA /* Assets.xcassets in Resources */ = {isa = PBXBuildFile; fileRef = 988CB63A25AA190100E87FEA /* Assets.xcassets */; };
		988CB63E25AA190100E87FEA /* Preview Assets.xcassets in Resources */ = {isa = PBXBuildFile; fileRef = 988CB63D25AA190100E87FEA /* Preview Assets.xcassets */; };
		988CB64125AA190100E87FEA /* LaunchScreen.storyboard in Resources */ = {isa = PBXBuildFile; fileRef = 988CB63F25AA190100E87FEA /* LaunchScreen.storyboard */; };
		988CB64C25AA190100E87FEA /* MyAppTests.swift in Sources */ = {isa = PBXBuildFile; fileRef = 988CB64B25AA190100E87FEA /* MyAppTests.swift */; };
		988CB65725AA190100E87FEA /* MyAppUITests.swift in Sources */ = {isa = PBXBuildFile; fileRef = 988CB65625AA190100E87FEA /* MyAppUITests.swift */; };
		988CB67225AA1C4800E87FEA /* PaperView.swift in Sources */ = {isa = PBXBuildFile; fileRef = 988CB67125AA1C4800E87FEA /* PaperView.swift */; };
		988CB67725AA29BA00E87FEA /* RemoteImage.swift in Sources */ = {isa = PBXBuildFile; fileRef = 988CB67625AA29BA00E87FEA /* RemoteImage.swift */; };
		988CB67C25AA51FA00E87FEA /* UIScreen+size.swift in Sources */ = {isa = PBXBuildFile; fileRef = 988CB67B25AA51FA00E87FEA /* UIScreen+size.swift */; };
		988CB68425AA5DCC00E87FEA /* CardGalleryView.swift in Sources */ = {isa = PBXBuildFile; fileRef = 988CB68325AA5DCC00E87FEA /* CardGalleryView.swift */; };
		988CB68925AA612400E87FEA /* Card.swift in Sources */ = {isa = PBXBuildFile; fileRef = 988CB68825AA612400E87FEA /* Card.swift */; };
		98E7B328265133DF002980B8 /* ListView.swift in Sources */ = {isa = PBXBuildFile; fileRef = 98E7B327265133DF002980B8 /* ListView.swift */; };
		98E7B32A265134A2002980B8 /* GridView.swift in Sources */ = {isa = PBXBuildFile; fileRef = 98E7B329265134A2002980B8 /* GridView.swift */; };
		98E7B32C2651356F002980B8 /* CatalogGridView.swift in Sources */ = {isa = PBXBuildFile; fileRef = 98E7B32B2651356F002980B8 /* CatalogGridView.swift */; };
		98E7B32E2651362D002980B8 /* BubbleListView.swift in Sources */ = {isa = PBXBuildFile; fileRef = 98E7B32D2651362D002980B8 /* BubbleListView.swift */; };
		98E7B33226513AE4002980B8 /* HoneycombView.swift in Sources */ = {isa = PBXBuildFile; fileRef = 98E7B33126513AE4002980B8 /* HoneycombView.swift */; };
		98E7B33426513E54002980B8 /* PolygonShape.swift in Sources */ = {isa = PBXBuildFile; fileRef = 98E7B33326513E54002980B8 /* PolygonShape.swift */; };
		98E7B33626513E9E002980B8 /* HoneycombModel.swift in Sources */ = {isa = PBXBuildFile; fileRef = 98E7B33526513E9E002980B8 /* HoneycombModel.swift */; };
		98F7161825B0CF9000885D54 /* PhotoModel.swift in Sources */ = {isa = PBXBuildFile; fileRef = 98F7161725B0CF9000885D54 /* PhotoModel.swift */; };
/* End PBXBuildFile section */

/* Begin PBXContainerItemProxy section */
		988CB64825AA190100E87FEA /* PBXContainerItemProxy */ = {
			isa = PBXContainerItemProxy;
			containerPortal = 988CB62925AA18FF00E87FEA /* Project object */;
			proxyType = 1;
			remoteGlobalIDString = 988CB63025AA18FF00E87FEA;
			remoteInfo = SimpleApp;
		};
		988CB65325AA190100E87FEA /* PBXContainerItemProxy */ = {
			isa = PBXContainerItemProxy;
			containerPortal = 988CB62925AA18FF00E87FEA /* Project object */;
			proxyType = 1;
			remoteGlobalIDString = 988CB63025AA18FF00E87FEA;
			remoteInfo = SimpleApp;
		};
/* End PBXContainerItemProxy section */

/* Begin PBXFileReference section */
		98110BC225AB60AA001D1618 /* RemoteImageCircle.swift */ = {isa = PBXFileReference; lastKnownFileType = sourcecode.swift; path = RemoteImageCircle.swift; sourceTree = "<group>"; };
		98110BC725AB63CC001D1618 /* CardModel.swift */ = {isa = PBXFileReference; lastKnownFileType = sourcecode.swift; path = CardModel.swift; sourceTree = "<group>"; };
		98110BE525AB838B001D1618 /* PaperModel.swift */ = {isa = PBXFileReference; lastKnownFileType = sourcecode.swift; path = PaperModel.swift; sourceTree = "<group>"; };
		98110BEA25AB83F5001D1618 /* CardGalleryModel.swift */ = {isa = PBXFileReference; lastKnownFileType = sourcecode.swift; path = CardGalleryModel.swift; sourceTree = "<group>"; };
		98110BEF25AB8471001D1618 /* PrimaryViewModel.swift */ = {isa = PBXFileReference; lastKnownFileType = sourcecode.swift; path = PrimaryViewModel.swift; sourceTree = "<group>"; };
		98110C0825AB87F5001D1618 /* AppConfiguration.swift */ = {isa = PBXFileReference; lastKnownFileType = sourcecode.swift; path = AppConfiguration.swift; sourceTree = "<group>"; };
		98110C1C25ABC2D4001D1618 /* Routing.swift */ = {isa = PBXFileReference; lastKnownFileType = sourcecode.swift; path = Routing.swift; sourceTree = "<group>"; };
		983F462B264E9F8200AFBF25 /* UIColor+rgb.swift */ = {isa = PBXFileReference; lastKnownFileType = sourcecode.swift; path = "UIColor+rgb.swift"; sourceTree = "<group>"; };
		983F462D264ED78300AFBF25 /* PrimaryView.swift */ = {isa = PBXFileReference; lastKnownFileType = sourcecode.swift; path = PrimaryView.swift; sourceTree = "<group>"; };
		983F4631264F0FD600AFBF25 /* TabsModel.swift */ = {isa = PBXFileReference; lastKnownFileType = sourcecode.swift; path = TabsModel.swift; sourceTree = "<group>"; };
		983F4637265002CE00AFBF25 /* BubbleListModel.swift */ = {isa = PBXFileReference; lastKnownFileType = sourcecode.swift; path = BubbleListModel.swift; sourceTree = "<group>"; };
		983F46392650043400AFBF25 /* ListModel.swift */ = {isa = PBXFileReference; lastKnownFileType = sourcecode.swift; path = ListModel.swift; sourceTree = "<group>"; };
		983F463B2650048300AFBF25 /* GridModel.swift */ = {isa = PBXFileReference; lastKnownFileType = sourcecode.swift; path = GridModel.swift; sourceTree = "<group>"; };
		983F463D2650460B00AFBF25 /* CatalogGridModel.swift */ = {isa = PBXFileReference; lastKnownFileType = sourcecode.swift; path = CatalogGridModel.swift; sourceTree = "<group>"; };
		983F463F26504FF800AFBF25 /* PhraseModel.swift */ = {isa = PBXFileReference; lastKnownFileType = sourcecode.swift; path = PhraseModel.swift; sourceTree = "<group>"; };
		983F46412650511000AFBF25 /* PhraseView.swift */ = {isa = PBXFileReference; lastKnownFileType = sourcecode.swift; path = PhraseView.swift; sourceTree = "<group>"; };
		983FE883263ECA860087213B /* Layout.swift */ = {isa = PBXFileReference; lastKnownFileType = sourcecode.swift; path = Layout.swift; sourceTree = "<group>"; };
		988CB63125AA18FF00E87FEA /* MyApp.app */ = {isa = PBXFileReference; explicitFileType = wrapper.application; includeInIndex = 0; path = MyApp.app; sourceTree = BUILT_PRODUCTS_DIR; };
		988CB63425AA18FF00E87FEA /* AppDelegate.swift */ = {isa = PBXFileReference; lastKnownFileType = sourcecode.swift; path = AppDelegate.swift; sourceTree = "<group>"; };
		988CB63625AA18FF00E87FEA /* SceneDelegate.swift */ = {isa = PBXFileReference; lastKnownFileType = sourcecode.swift; path = SceneDelegate.swift; sourceTree = "<group>"; };
		988CB63825AA18FF00E87FEA /* MainView.swift */ = {isa = PBXFileReference; lastKnownFileType = sourcecode.swift; path = MainView.swift; sourceTree = "<group>"; };
		988CB63A25AA190100E87FEA /* Assets.xcassets */ = {isa = PBXFileReference; lastKnownFileType = folder.assetcatalog; path = Assets.xcassets; sourceTree = "<group>"; };
		988CB63D25AA190100E87FEA /* Preview Assets.xcassets */ = {isa = PBXFileReference; lastKnownFileType = folder.assetcatalog; path = "Preview Assets.xcassets"; sourceTree = "<group>"; };
		988CB64025AA190100E87FEA /* Base */ = {isa = PBXFileReference; lastKnownFileType = file.storyboard; name = Base; path = Base.lproj/LaunchScreen.storyboard; sourceTree = "<group>"; };
		988CB64225AA190100E87FEA /* Info.plist */ = {isa = PBXFileReference; lastKnownFileType = text.plist.xml; path = Info.plist; sourceTree = "<group>"; };
		988CB64725AA190100E87FEA /* MyAppTests.xctest */ = {isa = PBXFileReference; explicitFileType = wrapper.cfbundle; includeInIndex = 0; path = MyAppTests.xctest; sourceTree = BUILT_PRODUCTS_DIR; };
		988CB64B25AA190100E87FEA /* MyAppTests.swift */ = {isa = PBXFileReference; lastKnownFileType = sourcecode.swift; path = MyAppTests.swift; sourceTree = "<group>"; };
		988CB64D25AA190100E87FEA /* Info.plist */ = {isa = PBXFileReference; lastKnownFileType = text.plist.xml; path = Info.plist; sourceTree = "<group>"; };
		988CB65225AA190100E87FEA /* MyAppUITests.xctest */ = {isa = PBXFileReference; explicitFileType = wrapper.cfbundle; includeInIndex = 0; path = MyAppUITests.xctest; sourceTree = BUILT_PRODUCTS_DIR; };
		988CB65625AA190100E87FEA /* MyAppUITests.swift */ = {isa = PBXFileReference; lastKnownFileType = sourcecode.swift; path = MyAppUITests.swift; sourceTree = "<group>"; };
		988CB65825AA190100E87FEA /* Info.plist */ = {isa = PBXFileReference; lastKnownFileType = text.plist.xml; path = Info.plist; sourceTree = "<group>"; };
		988CB67125AA1C4800E87FEA /* PaperView.swift */ = {isa = PBXFileReference; lastKnownFileType = sourcecode.swift; path = PaperView.swift; sourceTree = "<group>"; };
		988CB67625AA29BA00E87FEA /* RemoteImage.swift */ = {isa = PBXFileReference; lastKnownFileType = sourcecode.swift; path = RemoteImage.swift; sourceTree = "<group>"; };
		988CB67B25AA51FA00E87FEA /* UIScreen+size.swift */ = {isa = PBXFileReference; lastKnownFileType = sourcecode.swift; path = "UIScreen+size.swift"; sourceTree = "<group>"; };
		988CB68325AA5DCC00E87FEA /* CardGalleryView.swift */ = {isa = PBXFileReference; lastKnownFileType = sourcecode.swift; path = CardGalleryView.swift; sourceTree = "<group>"; };
		988CB68825AA612400E87FEA /* Card.swift */ = {isa = PBXFileReference; lastKnownFileType = sourcecode.swift; path = Card.swift; sourceTree = "<group>"; };
		98E7B327265133DF002980B8 /* ListView.swift */ = {isa = PBXFileReference; lastKnownFileType = sourcecode.swift; path = ListView.swift; sourceTree = "<group>"; };
		98E7B329265134A2002980B8 /* GridView.swift */ = {isa = PBXFileReference; lastKnownFileType = sourcecode.swift; path = GridView.swift; sourceTree = "<group>"; };
		98E7B32B2651356F002980B8 /* CatalogGridView.swift */ = {isa = PBXFileReference; lastKnownFileType = sourcecode.swift; path = CatalogGridView.swift; sourceTree = "<group>"; };
		98E7B32D2651362D002980B8 /* BubbleListView.swift */ = {isa = PBXFileReference; lastKnownFileType = sourcecode.swift; path = BubbleListView.swift; sourceTree = "<group>"; };
		98E7B33126513AE4002980B8 /* HoneycombView.swift */ = {isa = PBXFileReference; lastKnownFileType = sourcecode.swift; path = HoneycombView.swift; sourceTree = "<group>"; };
		98E7B33326513E54002980B8 /* PolygonShape.swift */ = {isa = PBXFileReference; lastKnownFileType = sourcecode.swift; path = PolygonShape.swift; sourceTree = "<group>"; };
		98E7B33526513E9E002980B8 /* HoneycombModel.swift */ = {isa = PBXFileReference; lastKnownFileType = sourcecode.swift; path = HoneycombModel.swift; sourceTree = "<group>"; };
		98F7161725B0CF9000885D54 /* PhotoModel.swift */ = {isa = PBXFileReference; lastKnownFileType = sourcecode.swift; path = PhotoModel.swift; sourceTree = "<group>"; };
/* End PBXFileReference section */

/* Begin PBXFrameworksBuildPhase section */
		988CB62E25AA18FF00E87FEA /* Frameworks */ = {
			isa = PBXFrameworksBuildPhase;
			buildActionMask = 2147483647;
			files = (
				983F46472650693200AFBF25 /* Introspect in Frameworks */,
			);
			runOnlyForDeploymentPostprocessing = 0;
		};
		988CB64425AA190100E87FEA /* Frameworks */ = {
			isa = PBXFrameworksBuildPhase;
			buildActionMask = 2147483647;
			files = (
			);
			runOnlyForDeploymentPostprocessing = 0;
		};
		988CB64F25AA190100E87FEA /* Frameworks */ = {
			isa = PBXFrameworksBuildPhase;
			buildActionMask = 2147483647;
			files = (
			);
			runOnlyForDeploymentPostprocessing = 0;
		};
/* End PBXFrameworksBuildPhase section */

/* Begin PBXGroup section */
		9835BBEB2632B911004D23E1 /* Resources */ = {
			isa = PBXGroup;
			children = (
				988CB63A25AA190100E87FEA /* Assets.xcassets */,
			);
			path = Resources;
			sourceTree = "<group>";
		};
		9835BBEC2632B946004D23E1 /* Extensions */ = {
			isa = PBXGroup;
			children = (
				988CB67B25AA51FA00E87FEA /* UIScreen+size.swift */,
				983F462B264E9F8200AFBF25 /* UIColor+rgb.swift */,
			);
			path = Extensions;
			sourceTree = "<group>";
		};
		9835BBF12632BA1E004D23E1 /* Models */ = {
			isa = PBXGroup;
			children = (
				98110BE525AB838B001D1618 /* PaperModel.swift */,
				98110BEF25AB8471001D1618 /* PrimaryViewModel.swift */,
				98110BEA25AB83F5001D1618 /* CardGalleryModel.swift */,
				98F7161725B0CF9000885D54 /* PhotoModel.swift */,
				98110BC725AB63CC001D1618 /* CardModel.swift */,
				983F4631264F0FD600AFBF25 /* TabsModel.swift */,
				983F4637265002CE00AFBF25 /* BubbleListModel.swift */,
				983F46392650043400AFBF25 /* ListModel.swift */,
				983F463B2650048300AFBF25 /* GridModel.swift */,
				983F463D2650460B00AFBF25 /* CatalogGridModel.swift */,
				983F463F26504FF800AFBF25 /* PhraseModel.swift */,
				98E7B33526513E9E002980B8 /* HoneycombModel.swift */,
			);
			path = Models;
			sourceTree = "<group>";
		};
		9835BBF92632BB03004D23E1 /* Views */ = {
			isa = PBXGroup;
			children = (
				9835BBFA2632BB7B004D23E1 /* UI */,
				988CB63825AA18FF00E87FEA /* MainView.swift */,
				983F462D264ED78300AFBF25 /* PrimaryView.swift */,
				98E7B327265133DF002980B8 /* ListView.swift */,
				98E7B32D2651362D002980B8 /* BubbleListView.swift */,
				98E7B329265134A2002980B8 /* GridView.swift */,
				98E7B32B2651356F002980B8 /* CatalogGridView.swift */,
				98E7B33126513AE4002980B8 /* HoneycombView.swift */,
				988CB67125AA1C4800E87FEA /* PaperView.swift */,
				988CB68325AA5DCC00E87FEA /* CardGalleryView.swift */,
				983F46412650511000AFBF25 /* PhraseView.swift */,
			);
			path = Views;
			sourceTree = "<group>";
		};
		9835BBFA2632BB7B004D23E1 /* UI */ = {
			isa = PBXGroup;
			children = (
				988CB68825AA612400E87FEA /* Card.swift */,
				98110BC225AB60AA001D1618 /* RemoteImageCircle.swift */,
				988CB67625AA29BA00E87FEA /* RemoteImage.swift */,
				98E7B33326513E54002980B8 /* PolygonShape.swift */,
			);
			path = UI;
			sourceTree = "<group>";
		};
		9835BC4F2632C92F004D23E1 /* Helpers */ = {
			isa = PBXGroup;
			children = (
				98110C1C25ABC2D4001D1618 /* Routing.swift */,
				983FE883263ECA860087213B /* Layout.swift */,
			);
			path = Helpers;
			sourceTree = "<group>";
		};
		9835BC612632DB97004D23E1 /* App */ = {
			isa = PBXGroup;
			children = (
				98110C0825AB87F5001D1618 /* AppConfiguration.swift */,
				988CB63425AA18FF00E87FEA /* AppDelegate.swift */,
				988CB63625AA18FF00E87FEA /* SceneDelegate.swift */,
			);
			path = App;
			sourceTree = "<group>";
		};
		988CB62825AA18FF00E87FEA = {
			isa = PBXGroup;
			children = (
				988CB63325AA18FF00E87FEA /* MyApp */,
				988CB64A25AA190100E87FEA /* MyAppTests */,
				988CB65525AA190100E87FEA /* MyAppUITests */,
				988CB63225AA18FF00E87FEA /* Products */,
			);
			sourceTree = "<group>";
		};
		988CB63225AA18FF00E87FEA /* Products */ = {
			isa = PBXGroup;
			children = (
				988CB63125AA18FF00E87FEA /* MyApp.app */,
				988CB64725AA190100E87FEA /* MyAppTests.xctest */,
				988CB65225AA190100E87FEA /* MyAppUITests.xctest */,
			);
			name = Products;
			sourceTree = "<group>";
		};
		988CB63325AA18FF00E87FEA /* MyApp */ = {
			isa = PBXGroup;
			children = (
				9835BC612632DB97004D23E1 /* App */,
				9835BBEB2632B911004D23E1 /* Resources */,
				9835BBEC2632B946004D23E1 /* Extensions */,
				9835BC4F2632C92F004D23E1 /* Helpers */,
				9835BBF12632BA1E004D23E1 /* Models */,
				9835BBF92632BB03004D23E1 /* Views */,
				988CB63F25AA190100E87FEA /* LaunchScreen.storyboard */,
				988CB64225AA190100E87FEA /* Info.plist */,
				988CB63C25AA190100E87FEA /* Preview Content */,
			);
			path = MyApp;
			sourceTree = "<group>";
		};
		988CB63C25AA190100E87FEA /* Preview Content */ = {
			isa = PBXGroup;
			children = (
				988CB63D25AA190100E87FEA /* Preview Assets.xcassets */,
			);
			path = "Preview Content";
			sourceTree = "<group>";
		};
		988CB64A25AA190100E87FEA /* MyAppTests */ = {
			isa = PBXGroup;
			children = (
				988CB64B25AA190100E87FEA /* MyAppTests.swift */,
				988CB64D25AA190100E87FEA /* Info.plist */,
			);
			path = MyAppTests;
			sourceTree = "<group>";
		};
		988CB65525AA190100E87FEA /* MyAppUITests */ = {
			isa = PBXGroup;
			children = (
				988CB65625AA190100E87FEA /* MyAppUITests.swift */,
				988CB65825AA190100E87FEA /* Info.plist */,
			);
			path = MyAppUITests;
			sourceTree = "<group>";
		};
/* End PBXGroup section */

/* Begin PBXNativeTarget section */
		988CB63025AA18FF00E87FEA /* MyApp */ = {
			isa = PBXNativeTarget;
			buildConfigurationList = 988CB65B25AA190100E87FEA /* Build configuration list for PBXNativeTarget "MyApp" */;
			buildPhases = (
				988CB62D25AA18FF00E87FEA /* Sources */,
				988CB62E25AA18FF00E87FEA /* Frameworks */,
				988CB62F25AA18FF00E87FEA /* Resources */,
			);
			buildRules = (
			);
			dependencies = (
			);
			name = MyApp;
			packageProductDependencies = (
				983F46462650693200AFBF25 /* Introspect */,
			);
			productName = SimpleApp;
			productReference = 988CB63125AA18FF00E87FEA /* MyApp.app */;
			productType = "com.apple.product-type.application";
		};
		988CB64625AA190100E87FEA /* MyAppTests */ = {
			isa = PBXNativeTarget;
			buildConfigurationList = 988CB65E25AA190100E87FEA /* Build configuration list for PBXNativeTarget "MyAppTests" */;
			buildPhases = (
				988CB64325AA190100E87FEA /* Sources */,
				988CB64425AA190100E87FEA /* Frameworks */,
				988CB64525AA190100E87FEA /* Resources */,
			);
			buildRules = (
			);
			dependencies = (
				988CB64925AA190100E87FEA /* PBXTargetDependency */,
			);
			name = MyAppTests;
			productName = SimpleAppTests;
			productReference = 988CB64725AA190100E87FEA /* MyAppTests.xctest */;
			productType = "com.apple.product-type.bundle.unit-test";
		};
		988CB65125AA190100E87FEA /* MyAppUITests */ = {
			isa = PBXNativeTarget;
			buildConfigurationList = 988CB66125AA190100E87FEA /* Build configuration list for PBXNativeTarget "MyAppUITests" */;
			buildPhases = (
				988CB64E25AA190100E87FEA /* Sources */,
				988CB64F25AA190100E87FEA /* Frameworks */,
				988CB65025AA190100E87FEA /* Resources */,
			);
			buildRules = (
			);
			dependencies = (
				988CB65425AA190100E87FEA /* PBXTargetDependency */,
			);
			name = MyAppUITests;
			productName = SimpleAppUITests;
			productReference = 988CB65225AA190100E87FEA /* MyAppUITests.xctest */;
			productType = "com.apple.product-type.bundle.ui-testing";
		};
/* End PBXNativeTarget section */

/* Begin PBXProject section */
		988CB62925AA18FF00E87FEA /* Project object */ = {
			isa = PBXProject;
			attributes = {
				LastSwiftUpdateCheck = 1230;
				LastUpgradeCheck = 1230;
				TargetAttributes = {
					988CB63025AA18FF00E87FEA = {
						CreatedOnToolsVersion = 12.3;
					};
					988CB64625AA190100E87FEA = {
						CreatedOnToolsVersion = 12.3;
						TestTargetID = 988CB63025AA18FF00E87FEA;
					};
					988CB65125AA190100E87FEA = {
						CreatedOnToolsVersion = 12.3;
						TestTargetID = 988CB63025AA18FF00E87FEA;
					};
				};
			};
			buildConfigurationList = 988CB62C25AA18FF00E87FEA /* Build configuration list for PBXProject "MyApp" */;
			compatibilityVersion = "Xcode 9.3";
			developmentRegion = en;
			hasScannedForEncodings = 0;
			knownRegions = (
				en,
				Base,
			);
			mainGroup = 988CB62825AA18FF00E87FEA;
			packageReferences = (
				983F46452650693200AFBF25 /* XCRemoteSwiftPackageReference "SwiftUI-Introspect" */,
			);
			productRefGroup = 988CB63225AA18FF00E87FEA /* Products */;
			projectDirPath = "";
			projectRoot = "";
			targets = (
				988CB63025AA18FF00E87FEA /* MyApp */,
				988CB64625AA190100E87FEA /* MyAppTests */,
				988CB65125AA190100E87FEA /* MyAppUITests */,
			);
		};
/* End PBXProject section */

/* Begin PBXResourcesBuildPhase section */
		988CB62F25AA18FF00E87FEA /* Resources */ = {
			isa = PBXResourcesBuildPhase;
			buildActionMask = 2147483647;
			files = (
				988CB64125AA190100E87FEA /* LaunchScreen.storyboard in Resources */,
				988CB63E25AA190100E87FEA /* Preview Assets.xcassets in Resources */,
				988CB63B25AA190100E87FEA /* Assets.xcassets in Resources */,
			);
			runOnlyForDeploymentPostprocessing = 0;
		};
		988CB64525AA190100E87FEA /* Resources */ = {
			isa = PBXResourcesBuildPhase;
			buildActionMask = 2147483647;
			files = (
			);
			runOnlyForDeploymentPostprocessing = 0;
		};
		988CB65025AA190100E87FEA /* Resources */ = {
			isa = PBXResourcesBuildPhase;
			buildActionMask = 2147483647;
			files = (
			);
			runOnlyForDeploymentPostprocessing = 0;
		};
/* End PBXResourcesBuildPhase section */

/* Begin PBXSourcesBuildPhase section */
		988CB62D25AA18FF00E87FEA /* Sources */ = {
			isa = PBXSourcesBuildPhase;
			buildActionMask = 2147483647;
			files = (
				983F462E264ED78300AFBF25 /* PrimaryView.swift in Sources */,
				98E7B33226513AE4002980B8 /* HoneycombView.swift in Sources */,
				983F46422650511000AFBF25 /* PhraseView.swift in Sources */,
				988CB67225AA1C4800E87FEA /* PaperView.swift in Sources */,
				988CB68925AA612400E87FEA /* Card.swift in Sources */,
				988CB63525AA18FF00E87FEA /* AppDelegate.swift in Sources */,
				98E7B33626513E9E002980B8 /* HoneycombModel.swift in Sources */,
				98E7B33426513E54002980B8 /* PolygonShape.swift in Sources */,
				98110BF025AB8471001D1618 /* PrimaryViewModel.swift in Sources */,
				983F4632264F0FD600AFBF25 /* TabsModel.swift in Sources */,
				98110C0925AB87F5001D1618 /* AppConfiguration.swift in Sources */,
				988CB67C25AA51FA00E87FEA /* UIScreen+size.swift in Sources */,
				983F4638265002CE00AFBF25 /* BubbleListModel.swift in Sources */,
				98E7B32A265134A2002980B8 /* GridView.swift in Sources */,
				988CB67725AA29BA00E87FEA /* RemoteImage.swift in Sources */,
				983F462C264E9F8200AFBF25 /* UIColor+rgb.swift in Sources */,
				98110BC325AB60AA001D1618 /* RemoteImageCircle.swift in Sources */,
				98110BC825AB63CC001D1618 /* CardModel.swift in Sources */,
				98110BEB25AB83F5001D1618 /* CardGalleryModel.swift in Sources */,
				988CB63725AA18FF00E87FEA /* SceneDelegate.swift in Sources */,
				983F463A2650043400AFBF25 /* ListModel.swift in Sources */,
				98E7B32E2651362D002980B8 /* BubbleListView.swift in Sources */,
				98E7B32C2651356F002980B8 /* CatalogGridView.swift in Sources */,
				98E7B328265133DF002980B8 /* ListView.swift in Sources */,
				98F7161825B0CF9000885D54 /* PhotoModel.swift in Sources */,
				983F464026504FF800AFBF25 /* PhraseModel.swift in Sources */,
				983F463C2650048300AFBF25 /* GridModel.swift in Sources */,
				983FE884263ECA860087213B /* Layout.swift in Sources */,
				983F463E2650460B00AFBF25 /* CatalogGridModel.swift in Sources */,
				988CB68425AA5DCC00E87FEA /* CardGalleryView.swift in Sources */,
				98110C1D25ABC2D4001D1618 /* Routing.swift in Sources */,
				98110BE625AB838B001D1618 /* PaperModel.swift in Sources */,
				988CB63925AA18FF00E87FEA /* MainView.swift in Sources */,
			);
			runOnlyForDeploymentPostprocessing = 0;
		};
		988CB64325AA190100E87FEA /* Sources */ = {
			isa = PBXSourcesBuildPhase;
			buildActionMask = 2147483647;
			files = (
				988CB64C25AA190100E87FEA /* MyAppTests.swift in Sources */,
			);
			runOnlyForDeploymentPostprocessing = 0;
		};
		988CB64E25AA190100E87FEA /* Sources */ = {
			isa = PBXSourcesBuildPhase;
			buildActionMask = 2147483647;
			files = (
				988CB65725AA190100E87FEA /* MyAppUITests.swift in Sources */,
			);
			runOnlyForDeploymentPostprocessing = 0;
		};
/* End PBXSourcesBuildPhase section */

/* Begin PBXTargetDependency section */
		988CB64925AA190100E87FEA /* PBXTargetDependency */ = {
			isa = PBXTargetDependency;
			target = 988CB63025AA18FF00E87FEA /* MyApp */;
			targetProxy = 988CB64825AA190100E87FEA /* PBXContainerItemProxy */;
		};
		988CB65425AA190100E87FEA /* PBXTargetDependency */ = {
			isa = PBXTargetDependency;
			target = 988CB63025AA18FF00E87FEA /* MyApp */;
			targetProxy = 988CB65325AA190100E87FEA /* PBXContainerItemProxy */;
		};
/* End PBXTargetDependency section */

/* Begin PBXVariantGroup section */
		988CB63F25AA190100E87FEA /* LaunchScreen.storyboard */ = {
			isa = PBXVariantGroup;
			children = (
				988CB64025AA190100E87FEA /* Base */,
			);
			name = LaunchScreen.storyboard;
			sourceTree = "<group>";
		};
/* End PBXVariantGroup section */

/* Begin XCBuildConfiguration section */
		988CB65925AA190100E87FEA /* Debug */ = {
			isa = XCBuildConfiguration;
			buildSettings = {
				ALWAYS_SEARCH_USER_PATHS = NO;
				CLANG_ANALYZER_NONNULL = YES;
				CLANG_ANALYZER_NUMBER_OBJECT_CONVERSION = YES_AGGRESSIVE;
				CLANG_CXX_LANGUAGE_STANDARD = "gnu++14";
				CLANG_CXX_LIBRARY = "libc++";
				CLANG_ENABLE_MODULES = YES;
				CLANG_ENABLE_OBJC_ARC = YES;
				CLANG_ENABLE_OBJC_WEAK = YES;
				CLANG_WARN_BLOCK_CAPTURE_AUTORELEASING = YES;
				CLANG_WARN_BOOL_CONVERSION = YES;
				CLANG_WARN_COMMA = YES;
				CLANG_WARN_CONSTANT_CONVERSION = YES;
				CLANG_WARN_DEPRECATED_OBJC_IMPLEMENTATIONS = YES;
				CLANG_WARN_DIRECT_OBJC_ISA_USAGE = YES_ERROR;
				CLANG_WARN_DOCUMENTATION_COMMENTS = YES;
				CLANG_WARN_EMPTY_BODY = YES;
				CLANG_WARN_ENUM_CONVERSION = YES;
				CLANG_WARN_INFINITE_RECURSION = YES;
				CLANG_WARN_INT_CONVERSION = YES;
				CLANG_WARN_NON_LITERAL_NULL_CONVERSION = YES;
				CLANG_WARN_OBJC_IMPLICIT_RETAIN_SELF = YES;
				CLANG_WARN_OBJC_LITERAL_CONVERSION = YES;
				CLANG_WARN_OBJC_ROOT_CLASS = YES_ERROR;
				CLANG_WARN_QUOTED_INCLUDE_IN_FRAMEWORK_HEADER = YES;
				CLANG_WARN_RANGE_LOOP_ANALYSIS = YES;
				CLANG_WARN_STRICT_PROTOTYPES = YES;
				CLANG_WARN_SUSPICIOUS_MOVE = YES;
				CLANG_WARN_UNGUARDED_AVAILABILITY = YES_AGGRESSIVE;
				CLANG_WARN_UNREACHABLE_CODE = YES;
				CLANG_WARN__DUPLICATE_METHOD_MATCH = YES;
				COPY_PHASE_STRIP = NO;
				DEBUG_INFORMATION_FORMAT = dwarf;
				ENABLE_STRICT_OBJC_MSGSEND = YES;
				ENABLE_TESTABILITY = YES;
				GCC_C_LANGUAGE_STANDARD = gnu11;
				GCC_DYNAMIC_NO_PIC = NO;
				GCC_NO_COMMON_BLOCKS = YES;
				GCC_OPTIMIZATION_LEVEL = 0;
				GCC_PREPROCESSOR_DEFINITIONS = (
					"DEBUG=1",
					"$(inherited)",
				);
				GCC_WARN_64_TO_32_BIT_CONVERSION = YES;
				GCC_WARN_ABOUT_RETURN_TYPE = YES_ERROR;
				GCC_WARN_UNDECLARED_SELECTOR = YES;
				GCC_WARN_UNINITIALIZED_AUTOS = YES_AGGRESSIVE;
				GCC_WARN_UNUSED_FUNCTION = YES;
				GCC_WARN_UNUSED_VARIABLE = YES;
				IPHONEOS_DEPLOYMENT_TARGET = 14.3;
				MTL_ENABLE_DEBUG_INFO = INCLUDE_SOURCE;
				MTL_FAST_MATH = YES;
				ONLY_ACTIVE_ARCH = YES;
				SDKROOT = iphoneos;
				SWIFT_ACTIVE_COMPILATION_CONDITIONS = DEBUG;
				SWIFT_OPTIMIZATION_LEVEL = "-Onone";
			};
			name = Debug;
		};
		988CB65A25AA190100E87FEA /* Release */ = {
			isa = XCBuildConfiguration;
			buildSettings = {
				ALWAYS_SEARCH_USER_PATHS = NO;
				CLANG_ANALYZER_NONNULL = YES;
				CLANG_ANALYZER_NUMBER_OBJECT_CONVERSION = YES_AGGRESSIVE;
				CLANG_CXX_LANGUAGE_STANDARD = "gnu++14";
				CLANG_CXX_LIBRARY = "libc++";
				CLANG_ENABLE_MODULES = YES;
				CLANG_ENABLE_OBJC_ARC = YES;
				CLANG_ENABLE_OBJC_WEAK = YES;
				CLANG_WARN_BLOCK_CAPTURE_AUTORELEASING = YES;
				CLANG_WARN_BOOL_CONVERSION = YES;
				CLANG_WARN_COMMA = YES;
				CLANG_WARN_CONSTANT_CONVERSION = YES;
				CLANG_WARN_DEPRECATED_OBJC_IMPLEMENTATIONS = YES;
				CLANG_WARN_DIRECT_OBJC_ISA_USAGE = YES_ERROR;
				CLANG_WARN_DOCUMENTATION_COMMENTS = YES;
				CLANG_WARN_EMPTY_BODY = YES;
				CLANG_WARN_ENUM_CONVERSION = YES;
				CLANG_WARN_INFINITE_RECURSION = YES;
				CLANG_WARN_INT_CONVERSION = YES;
				CLANG_WARN_NON_LITERAL_NULL_CONVERSION = YES;
				CLANG_WARN_OBJC_IMPLICIT_RETAIN_SELF = YES;
				CLANG_WARN_OBJC_LITERAL_CONVERSION = YES;
				CLANG_WARN_OBJC_ROOT_CLASS = YES_ERROR;
				CLANG_WARN_QUOTED_INCLUDE_IN_FRAMEWORK_HEADER = YES;
				CLANG_WARN_RANGE_LOOP_ANALYSIS = YES;
				CLANG_WARN_STRICT_PROTOTYPES = YES;
				CLANG_WARN_SUSPICIOUS_MOVE = YES;
				CLANG_WARN_UNGUARDED_AVAILABILITY = YES_AGGRESSIVE;
				CLANG_WARN_UNREACHABLE_CODE = YES;
				CLANG_WARN__DUPLICATE_METHOD_MATCH = YES;
				COPY_PHASE_STRIP = NO;
				DEBUG_INFORMATION_FORMAT = "dwarf-with-dsym";
				ENABLE_NS_ASSERTIONS = NO;
				ENABLE_STRICT_OBJC_MSGSEND = YES;
				GCC_C_LANGUAGE_STANDARD = gnu11;
				GCC_NO_COMMON_BLOCKS = YES;
				GCC_WARN_64_TO_32_BIT_CONVERSION = YES;
				GCC_WARN_ABOUT_RETURN_TYPE = YES_ERROR;
				GCC_WARN_UNDECLARED_SELECTOR = YES;
				GCC_WARN_UNINITIALIZED_AUTOS = YES_AGGRESSIVE;
				GCC_WARN_UNUSED_FUNCTION = YES;
				GCC_WARN_UNUSED_VARIABLE = YES;
				IPHONEOS_DEPLOYMENT_TARGET = 14.3;
				MTL_ENABLE_DEBUG_INFO = NO;
				MTL_FAST_MATH = YES;
				SDKROOT = iphoneos;
				SWIFT_COMPILATION_MODE = wholemodule;
				SWIFT_OPTIMIZATION_LEVEL = "-O";
				VALIDATE_PRODUCT = YES;
			};
			name = Release;
		};
		988CB65C25AA190100E87FEA /* Debug */ = {
			isa = XCBuildConfiguration;
			buildSettings = {
				ASSETCATALOG_COMPILER_APPICON_NAME = AppIcon;
				ASSETCATALOG_COMPILER_GLOBAL_ACCENT_COLOR_NAME = AccentColor;
				CODE_SIGN_STYLE = Automatic;
				DEVELOPMENT_ASSET_PATHS = "\"MyApp/Preview Content\"";
				ENABLE_PREVIEWS = YES;
				INFOPLIST_FILE = MyApp/Info.plist;
				LD_RUNPATH_SEARCH_PATHS = (
					"$(inherited)",
					"@executable_path/Frameworks",
				);
				PRODUCT_BUNDLE_IDENTIFIER = acyg.MyApp;
				PRODUCT_NAME = "$(TARGET_NAME)";
				SWIFT_VERSION = 5.0;
				TARGETED_DEVICE_FAMILY = "1,2";
			};
			name = Debug;
		};
		988CB65D25AA190100E87FEA /* Release */ = {
			isa = XCBuildConfiguration;
			buildSettings = {
				ASSETCATALOG_COMPILER_APPICON_NAME = AppIcon;
				ASSETCATALOG_COMPILER_GLOBAL_ACCENT_COLOR_NAME = AccentColor;
				CODE_SIGN_STYLE = Automatic;
				DEVELOPMENT_ASSET_PATHS = "\"MyApp/Preview Content\"";
				ENABLE_PREVIEWS = YES;
				INFOPLIST_FILE = MyApp/Info.plist;
				LD_RUNPATH_SEARCH_PATHS = (
					"$(inherited)",
					"@executable_path/Frameworks",
				);
				PRODUCT_BUNDLE_IDENTIFIER = acyg.MyApp;
				PRODUCT_NAME = "$(TARGET_NAME)";
				SWIFT_VERSION = 5.0;
				TARGETED_DEVICE_FAMILY = "1,2";
			};
			name = Release;
		};
		988CB65F25AA190100E87FEA /* Debug */ = {
			isa = XCBuildConfiguration;
			buildSettings = {
				ALWAYS_EMBED_SWIFT_STANDARD_LIBRARIES = YES;
				BUNDLE_LOADER = "$(TEST_HOST)";
				CODE_SIGN_STYLE = Automatic;
				INFOPLIST_FILE = SimpleAppTests/Info.plist;
				IPHONEOS_DEPLOYMENT_TARGET = 14.3;
				LD_RUNPATH_SEARCH_PATHS = (
					"$(inherited)",
					"@executable_path/Frameworks",
					"@loader_path/Frameworks",
				);
				PRODUCT_BUNDLE_IDENTIFIER = acyg.SimpleAppTests;
				PRODUCT_NAME = "$(TARGET_NAME)";
				SWIFT_VERSION = 5.0;
				TARGETED_DEVICE_FAMILY = "1,2";
				TEST_HOST = "$(BUILT_PRODUCTS_DIR)/MyApp.app/MyApp";
			};
			name = Debug;
		};
		988CB66025AA190100E87FEA /* Release */ = {
			isa = XCBuildConfiguration;
			buildSettings = {
				ALWAYS_EMBED_SWIFT_STANDARD_LIBRARIES = YES;
				BUNDLE_LOADER = "$(TEST_HOST)";
				CODE_SIGN_STYLE = Automatic;
				INFOPLIST_FILE = SimpleAppTests/Info.plist;
				IPHONEOS_DEPLOYMENT_TARGET = 14.3;
				LD_RUNPATH_SEARCH_PATHS = (
					"$(inherited)",
					"@executable_path/Frameworks",
					"@loader_path/Frameworks",
				);
				PRODUCT_BUNDLE_IDENTIFIER = acyg.SimpleAppTests;
				PRODUCT_NAME = "$(TARGET_NAME)";
				SWIFT_VERSION = 5.0;
				TARGETED_DEVICE_FAMILY = "1,2";
				TEST_HOST = "$(BUILT_PRODUCTS_DIR)/MyApp.app/MyApp";
			};
			name = Release;
		};
		988CB66225AA190100E87FEA /* Debug */ = {
			isa = XCBuildConfiguration;
			buildSettings = {
				ALWAYS_EMBED_SWIFT_STANDARD_LIBRARIES = YES;
				CODE_SIGN_STYLE = Automatic;
				INFOPLIST_FILE = SimpleAppUITests/Info.plist;
				LD_RUNPATH_SEARCH_PATHS = (
					"$(inherited)",
					"@executable_path/Frameworks",
					"@loader_path/Frameworks",
				);
				PRODUCT_BUNDLE_IDENTIFIER = acyg.SimpleAppUITests;
				PRODUCT_NAME = "$(TARGET_NAME)";
				SWIFT_VERSION = 5.0;
				TARGETED_DEVICE_FAMILY = "1,2";
				TEST_TARGET_NAME = SimpleApp;
			};
			name = Debug;
		};
		988CB66325AA190100E87FEA /* Release */ = {
			isa = XCBuildConfiguration;
			buildSettings = {
				ALWAYS_EMBED_SWIFT_STANDARD_LIBRARIES = YES;
				CODE_SIGN_STYLE = Automatic;
				INFOPLIST_FILE = SimpleAppUITests/Info.plist;
				LD_RUNPATH_SEARCH_PATHS = (
					"$(inherited)",
					"@executable_path/Frameworks",
					"@loader_path/Frameworks",
				);
				PRODUCT_BUNDLE_IDENTIFIER = acyg.SimpleAppUITests;
				PRODUCT_NAME = "$(TARGET_NAME)";
				SWIFT_VERSION = 5.0;
				TARGETED_DEVICE_FAMILY = "1,2";
				TEST_TARGET_NAME = SimpleApp;
			};
			name = Release;
		};
/* End XCBuildConfiguration section */

/* Begin XCConfigurationList section */
		988CB62C25AA18FF00E87FEA /* Build configuration list for PBXProject "MyApp" */ = {
			isa = XCConfigurationList;
			buildConfigurations = (
				988CB65925AA190100E87FEA /* Debug */,
				988CB65A25AA190100E87FEA /* Release */,
			);
			defaultConfigurationIsVisible = 0;
			defaultConfigurationName = Release;
		};
		988CB65B25AA190100E87FEA /* Build configuration list for PBXNativeTarget "MyApp" */ = {
			isa = XCConfigurationList;
			buildConfigurations = (
				988CB65C25AA190100E87FEA /* Debug */,
				988CB65D25AA190100E87FEA /* Release */,
			);
			defaultConfigurationIsVisible = 0;
			defaultConfigurationName = Release;
		};
		988CB65E25AA190100E87FEA /* Build configuration list for PBXNativeTarget "MyAppTests" */ = {
			isa = XCConfigurationList;
			buildConfigurations = (
				988CB65F25AA190100E87FEA /* Debug */,
				988CB66025AA190100E87FEA /* Release */,
			);
			defaultConfigurationIsVisible = 0;
			defaultConfigurationName = Release;
		};
		988CB66125AA190100E87FEA /* Build configuration list for PBXNativeTarget "MyAppUITests" */ = {
			isa = XCConfigurationList;
			buildConfigurations = (
				988CB66225AA190100E87FEA /* Debug */,
				988CB66325AA190100E87FEA /* Release */,
			);
			defaultConfigurationIsVisible = 0;
			defaultConfigurationName = Release;
		};
/* End XCConfigurationList section */

/* Begin XCRemoteSwiftPackageReference section */
		983F46452650693200AFBF25 /* XCRemoteSwiftPackageReference "SwiftUI-Introspect" */ = {
			isa = XCRemoteSwiftPackageReference;
			repositoryURL = "https://github.com/siteline/SwiftUI-Introspect.git";
			requirement = {
				kind = upToNextMajorVersion;
				minimumVersion = 0.1.3;
			};
		};
/* End XCRemoteSwiftPackageReference section */

/* Begin XCSwiftPackageProductDependency section */
		983F46462650693200AFBF25 /* Introspect */ = {
			isa = XCSwiftPackageProductDependency;
			package = 983F46452650693200AFBF25 /* XCRemoteSwiftPackageReference "SwiftUI-Introspect" */;
			productName = Introspect;
		};
/* End XCSwiftPackageProductDependency section */
	};
	rootObject = 988CB62925AA18FF00E87FEA /* Project object */;
}
