// !$*UTF8*$!
{
	archiveVersion = 1;
	classes = {
	};
	objectVersion = 50;
	objects = {

/* Begin PBXBuildFile section */
		98110BC325AB60AA001D1618 /* RemoteImageCircle.swift in Sources */ = {isa = PBXBuildFile; fileRef = 98110BC225AB60AA001D1618 /* RemoteImageCircle.swift */; };
		98110BC825AB63CC001D1618 /* Photo.swift in Sources */ = {isa = PBXBuildFile; fileRef = 98110BC725AB63CC001D1618 /* Photo.swift */; };
		98110BD025AB6975001D1618 /* Test.swift in Sources */ = {isa = PBXBuildFile; fileRef = 98110BCF25AB6975001D1618 /* Test.swift */; };
		98110BE625AB838B001D1618 /* ContentDetailData.swift in Sources */ = {isa = PBXBuildFile; fileRef = 98110BE525AB838B001D1618 /* ContentDetailData.swift */; };
		98110BEB25AB83F5001D1618 /* ContentPhotosData.swift in Sources */ = {isa = PBXBuildFile; fileRef = 98110BEA25AB83F5001D1618 /* ContentPhotosData.swift */; };
		98110BF025AB8471001D1618 /* HomePageData.swift in Sources */ = {isa = PBXBuildFile; fileRef = 98110BEF25AB8471001D1618 /* HomePageData.swift */; };
		98110BF525AB8523001D1618 /* GridConfigData.swift in Sources */ = {isa = PBXBuildFile; fileRef = 98110BF425AB8523001D1618 /* GridConfigData.swift */; };
		98110BFD25AB8629001D1618 /* ListConfigData.swift in Sources */ = {isa = PBXBuildFile; fileRef = 98110BFC25AB8629001D1618 /* ListConfigData.swift */; };
		98110C0925AB87F5001D1618 /* AppConfigData.swift in Sources */ = {isa = PBXBuildFile; fileRef = 98110C0825AB87F5001D1618 /* AppConfigData.swift */; };
		98110C1D25ABC2D4001D1618 /* Destination.swift in Sources */ = {isa = PBXBuildFile; fileRef = 98110C1C25ABC2D4001D1618 /* Destination.swift */; };
		988CB63525AA18FF00E87FEA /* AppDelegate.swift in Sources */ = {isa = PBXBuildFile; fileRef = 988CB63425AA18FF00E87FEA /* AppDelegate.swift */; };
		988CB63725AA18FF00E87FEA /* SceneDelegate.swift in Sources */ = {isa = PBXBuildFile; fileRef = 988CB63625AA18FF00E87FEA /* SceneDelegate.swift */; };
		988CB63925AA18FF00E87FEA /* ContentView.swift in Sources */ = {isa = PBXBuildFile; fileRef = 988CB63825AA18FF00E87FEA /* ContentView.swift */; };
		988CB63B25AA190100E87FEA /* Assets.xcassets in Resources */ = {isa = PBXBuildFile; fileRef = 988CB63A25AA190100E87FEA /* Assets.xcassets */; };
		988CB63E25AA190100E87FEA /* Preview Assets.xcassets in Resources */ = {isa = PBXBuildFile; fileRef = 988CB63D25AA190100E87FEA /* Preview Assets.xcassets */; };
		988CB64125AA190100E87FEA /* LaunchScreen.storyboard in Resources */ = {isa = PBXBuildFile; fileRef = 988CB63F25AA190100E87FEA /* LaunchScreen.storyboard */; };
		988CB64C25AA190100E87FEA /* SimpleAppTests.swift in Sources */ = {isa = PBXBuildFile; fileRef = 988CB64B25AA190100E87FEA /* SimpleAppTests.swift */; };
		988CB65725AA190100E87FEA /* SimpleAppUITests.swift in Sources */ = {isa = PBXBuildFile; fileRef = 988CB65625AA190100E87FEA /* SimpleAppUITests.swift */; };
		988CB67225AA1C4800E87FEA /* ContentDetail.swift in Sources */ = {isa = PBXBuildFile; fileRef = 988CB67125AA1C4800E87FEA /* ContentDetail.swift */; };
		988CB67725AA29BA00E87FEA /* RemoteImage.swift in Sources */ = {isa = PBXBuildFile; fileRef = 988CB67625AA29BA00E87FEA /* RemoteImage.swift */; };
		988CB67C25AA51FA00E87FEA /* UIScreen+size.swift in Sources */ = {isa = PBXBuildFile; fileRef = 988CB67B25AA51FA00E87FEA /* UIScreen+size.swift */; };
		988CB68425AA5DCC00E87FEA /* ContentPhotos.swift in Sources */ = {isa = PBXBuildFile; fileRef = 988CB68325AA5DCC00E87FEA /* ContentPhotos.swift */; };
		988CB68925AA612400E87FEA /* CardView.swift in Sources */ = {isa = PBXBuildFile; fileRef = 988CB68825AA612400E87FEA /* CardView.swift */; };
		98F7161825B0CF9000885D54 /* ImageData.swift in Sources */ = {isa = PBXBuildFile; fileRef = 98F7161725B0CF9000885D54 /* ImageData.swift */; };
/* End PBXBuildFile section */

/* Begin PBXContainerItemProxy section */
		988CB64825AA190100E87FEA /* PBXContainerItemProxy */ = {
			isa = PBXContainerItemProxy;
			containerPortal = 988CB62925AA18FF00E87FEA /* Project object */;
			proxyType = 1;
			remoteGlobalIDString = 988CB63025AA18FF00E87FEA;
			remoteInfo = SimpleApp;
		};
		988CB65325AA190100E87FEA /* PBXContainerItemProxy */ = {
			isa = PBXContainerItemProxy;
			containerPortal = 988CB62925AA18FF00E87FEA /* Project object */;
			proxyType = 1;
			remoteGlobalIDString = 988CB63025AA18FF00E87FEA;
			remoteInfo = SimpleApp;
		};
/* End PBXContainerItemProxy section */

/* Begin PBXFileReference section */
		98110BC225AB60AA001D1618 /* RemoteImageCircle.swift */ = {isa = PBXFileReference; lastKnownFileType = sourcecode.swift; path = RemoteImageCircle.swift; sourceTree = "<group>"; };
		98110BC725AB63CC001D1618 /* Photo.swift */ = {isa = PBXFileReference; lastKnownFileType = sourcecode.swift; path = Photo.swift; sourceTree = "<group>"; };
		98110BCF25AB6975001D1618 /* Test.swift */ = {isa = PBXFileReference; lastKnownFileType = sourcecode.swift; path = Test.swift; sourceTree = "<group>"; };
		98110BE525AB838B001D1618 /* ContentDetailData.swift */ = {isa = PBXFileReference; lastKnownFileType = sourcecode.swift; path = ContentDetailData.swift; sourceTree = "<group>"; };
		98110BEA25AB83F5001D1618 /* ContentPhotosData.swift */ = {isa = PBXFileReference; lastKnownFileType = sourcecode.swift; path = ContentPhotosData.swift; sourceTree = "<group>"; };
		98110BEF25AB8471001D1618 /* HomePageData.swift */ = {isa = PBXFileReference; lastKnownFileType = sourcecode.swift; path = HomePageData.swift; sourceTree = "<group>"; };
		98110BF425AB8523001D1618 /* GridConfigData.swift */ = {isa = PBXFileReference; lastKnownFileType = sourcecode.swift; path = GridConfigData.swift; sourceTree = "<group>"; };
		98110BFC25AB8629001D1618 /* ListConfigData.swift */ = {isa = PBXFileReference; lastKnownFileType = sourcecode.swift; path = ListConfigData.swift; sourceTree = "<group>"; };
		98110C0825AB87F5001D1618 /* AppConfigData.swift */ = {isa = PBXFileReference; lastKnownFileType = sourcecode.swift; path = AppConfigData.swift; sourceTree = "<group>"; };
		98110C1C25ABC2D4001D1618 /* Destination.swift */ = {isa = PBXFileReference; lastKnownFileType = sourcecode.swift; path = Destination.swift; sourceTree = "<group>"; };
		988CB63125AA18FF00E87FEA /* SimpleApp.app */ = {isa = PBXFileReference; explicitFileType = wrapper.application; includeInIndex = 0; path = SimpleApp.app; sourceTree = BUILT_PRODUCTS_DIR; };
		988CB63425AA18FF00E87FEA /* AppDelegate.swift */ = {isa = PBXFileReference; lastKnownFileType = sourcecode.swift; path = AppDelegate.swift; sourceTree = "<group>"; };
		988CB63625AA18FF00E87FEA /* SceneDelegate.swift */ = {isa = PBXFileReference; lastKnownFileType = sourcecode.swift; path = SceneDelegate.swift; sourceTree = "<group>"; };
		988CB63825AA18FF00E87FEA /* ContentView.swift */ = {isa = PBXFileReference; lastKnownFileType = sourcecode.swift; path = ContentView.swift; sourceTree = "<group>"; };
		988CB63A25AA190100E87FEA /* Assets.xcassets */ = {isa = PBXFileReference; lastKnownFileType = folder.assetcatalog; path = Assets.xcassets; sourceTree = "<group>"; };
		988CB63D25AA190100E87FEA /* Preview Assets.xcassets */ = {isa = PBXFileReference; lastKnownFileType = folder.assetcatalog; path = "Preview Assets.xcassets"; sourceTree = "<group>"; };
		988CB64025AA190100E87FEA /* Base */ = {isa = PBXFileReference; lastKnownFileType = file.storyboard; name = Base; path = Base.lproj/LaunchScreen.storyboard; sourceTree = "<group>"; };
		988CB64225AA190100E87FEA /* Info.plist */ = {isa = PBXFileReference; lastKnownFileType = text.plist.xml; path = Info.plist; sourceTree = "<group>"; };
		988CB64725AA190100E87FEA /* SimpleAppTests.xctest */ = {isa = PBXFileReference; explicitFileType = wrapper.cfbundle; includeInIndex = 0; path = SimpleAppTests.xctest; sourceTree = BUILT_PRODUCTS_DIR; };
		988CB64B25AA190100E87FEA /* SimpleAppTests.swift */ = {isa = PBXFileReference; lastKnownFileType = sourcecode.swift; path = SimpleAppTests.swift; sourceTree = "<group>"; };
		988CB64D25AA190100E87FEA /* Info.plist */ = {isa = PBXFileReference; lastKnownFileType = text.plist.xml; path = Info.plist; sourceTree = "<group>"; };
		988CB65225AA190100E87FEA /* SimpleAppUITests.xctest */ = {isa = PBXFileReference; explicitFileType = wrapper.cfbundle; includeInIndex = 0; path = SimpleAppUITests.xctest; sourceTree = BUILT_PRODUCTS_DIR; };
		988CB65625AA190100E87FEA /* SimpleAppUITests.swift */ = {isa = PBXFileReference; lastKnownFileType = sourcecode.swift; path = SimpleAppUITests.swift; sourceTree = "<group>"; };
		988CB65825AA190100E87FEA /* Info.plist */ = {isa = PBXFileReference; lastKnownFileType = text.plist.xml; path = Info.plist; sourceTree = "<group>"; };
		988CB67125AA1C4800E87FEA /* ContentDetail.swift */ = {isa = PBXFileReference; lastKnownFileType = sourcecode.swift; path = ContentDetail.swift; sourceTree = "<group>"; };
		988CB67625AA29BA00E87FEA /* RemoteImage.swift */ = {isa = PBXFileReference; lastKnownFileType = sourcecode.swift; path = RemoteImage.swift; sourceTree = "<group>"; };
		988CB67B25AA51FA00E87FEA /* UIScreen+size.swift */ = {isa = PBXFileReference; lastKnownFileType = sourcecode.swift; path = "UIScreen+size.swift"; sourceTree = "<group>"; };
		988CB68325AA5DCC00E87FEA /* ContentPhotos.swift */ = {isa = PBXFileReference; lastKnownFileType = sourcecode.swift; path = ContentPhotos.swift; sourceTree = "<group>"; };
		988CB68825AA612400E87FEA /* CardView.swift */ = {isa = PBXFileReference; lastKnownFileType = sourcecode.swift; path = CardView.swift; sourceTree = "<group>"; };
		98F7161725B0CF9000885D54 /* ImageData.swift */ = {isa = PBXFileReference; lastKnownFileType = sourcecode.swift; path = ImageData.swift; sourceTree = "<group>"; };
/* End PBXFileReference section */

/* Begin PBXFrameworksBuildPhase section */
		988CB62E25AA18FF00E87FEA /* Frameworks */ = {
			isa = PBXFrameworksBuildPhase;
			buildActionMask = 2147483647;
			files = (
			);
			runOnlyForDeploymentPostprocessing = 0;
		};
		988CB64425AA190100E87FEA /* Frameworks */ = {
			isa = PBXFrameworksBuildPhase;
			buildActionMask = 2147483647;
			files = (
			);
			runOnlyForDeploymentPostprocessing = 0;
		};
		988CB64F25AA190100E87FEA /* Frameworks */ = {
			isa = PBXFrameworksBuildPhase;
			buildActionMask = 2147483647;
			files = (
			);
			runOnlyForDeploymentPostprocessing = 0;
		};
/* End PBXFrameworksBuildPhase section */

/* Begin PBXGroup section */
		988CB62825AA18FF00E87FEA = {
			isa = PBXGroup;
			children = (
				988CB63325AA18FF00E87FEA /* SimpleApp */,
				988CB64A25AA190100E87FEA /* SimpleAppTests */,
				988CB65525AA190100E87FEA /* SimpleAppUITests */,
				988CB63225AA18FF00E87FEA /* Products */,
			);
			sourceTree = "<group>";
		};
		988CB63225AA18FF00E87FEA /* Products */ = {
			isa = PBXGroup;
			children = (
				988CB63125AA18FF00E87FEA /* SimpleApp.app */,
				988CB64725AA190100E87FEA /* SimpleAppTests.xctest */,
				988CB65225AA190100E87FEA /* SimpleAppUITests.xctest */,
			);
			name = Products;
			sourceTree = "<group>";
		};
		988CB63325AA18FF00E87FEA /* SimpleApp */ = {
			isa = PBXGroup;
			children = (
				98110BC725AB63CC001D1618 /* Photo.swift */,
				988CB63425AA18FF00E87FEA /* AppDelegate.swift */,
				988CB63625AA18FF00E87FEA /* SceneDelegate.swift */,
				988CB63825AA18FF00E87FEA /* ContentView.swift */,
				988CB63A25AA190100E87FEA /* Assets.xcassets */,
				988CB63F25AA190100E87FEA /* LaunchScreen.storyboard */,
				988CB63C25AA190100E87FEA /* Preview Content */,
				988CB67125AA1C4800E87FEA /* ContentDetail.swift */,
				988CB67625AA29BA00E87FEA /* RemoteImage.swift */,
				988CB67B25AA51FA00E87FEA /* UIScreen+size.swift */,
				988CB68325AA5DCC00E87FEA /* ContentPhotos.swift */,
				988CB64225AA190100E87FEA /* Info.plist */,
				988CB68825AA612400E87FEA /* CardView.swift */,
				98110BC225AB60AA001D1618 /* RemoteImageCircle.swift */,
				98110BCF25AB6975001D1618 /* Test.swift */,
				98110BE525AB838B001D1618 /* ContentDetailData.swift */,
				98110BEA25AB83F5001D1618 /* ContentPhotosData.swift */,
				98110BEF25AB8471001D1618 /* HomePageData.swift */,
				98110BF425AB8523001D1618 /* GridConfigData.swift */,
				98110BFC25AB8629001D1618 /* ListConfigData.swift */,
				98110C0825AB87F5001D1618 /* AppConfigData.swift */,
				98110C1C25ABC2D4001D1618 /* Destination.swift */,
				98F7161725B0CF9000885D54 /* ImageData.swift */,
			);
			path = SimpleApp;
			sourceTree = "<group>";
		};
		988CB63C25AA190100E87FEA /* Preview Content */ = {
			isa = PBXGroup;
			children = (
				988CB63D25AA190100E87FEA /* Preview Assets.xcassets */,
			);
			path = "Preview Content";
			sourceTree = "<group>";
		};
		988CB64A25AA190100E87FEA /* SimpleAppTests */ = {
			isa = PBXGroup;
			children = (
				988CB64B25AA190100E87FEA /* SimpleAppTests.swift */,
				988CB64D25AA190100E87FEA /* Info.plist */,
			);
			path = SimpleAppTests;
			sourceTree = "<group>";
		};
		988CB65525AA190100E87FEA /* SimpleAppUITests */ = {
			isa = PBXGroup;
			children = (
				988CB65625AA190100E87FEA /* SimpleAppUITests.swift */,
				988CB65825AA190100E87FEA /* Info.plist */,
			);
			path = SimpleAppUITests;
			sourceTree = "<group>";
		};
/* End PBXGroup section */

/* Begin PBXNativeTarget section */
		988CB63025AA18FF00E87FEA /* SimpleApp */ = {
			isa = PBXNativeTarget;
			buildConfigurationList = 988CB65B25AA190100E87FEA /* Build configuration list for PBXNativeTarget "SimpleApp" */;
			buildPhases = (
				988CB62D25AA18FF00E87FEA /* Sources */,
				988CB62E25AA18FF00E87FEA /* Frameworks */,
				988CB62F25AA18FF00E87FEA /* Resources */,
			);
			buildRules = (
			);
			dependencies = (
			);
			name = SimpleApp;
			productName = SimpleApp;
			productReference = 988CB63125AA18FF00E87FEA /* SimpleApp.app */;
			productType = "com.apple.product-type.application";
		};
		988CB64625AA190100E87FEA /* SimpleAppTests */ = {
			isa = PBXNativeTarget;
			buildConfigurationList = 988CB65E25AA190100E87FEA /* Build configuration list for PBXNativeTarget "SimpleAppTests" */;
			buildPhases = (
				988CB64325AA190100E87FEA /* Sources */,
				988CB64425AA190100E87FEA /* Frameworks */,
				988CB64525AA190100E87FEA /* Resources */,
			);
			buildRules = (
			);
			dependencies = (
				988CB64925AA190100E87FEA /* PBXTargetDependency */,
			);
			name = SimpleAppTests;
			productName = SimpleAppTests;
			productReference = 988CB64725AA190100E87FEA /* SimpleAppTests.xctest */;
			productType = "com.apple.product-type.bundle.unit-test";
		};
		988CB65125AA190100E87FEA /* SimpleAppUITests */ = {
			isa = PBXNativeTarget;
			buildConfigurationList = 988CB66125AA190100E87FEA /* Build configuration list for PBXNativeTarget "SimpleAppUITests" */;
			buildPhases = (
				988CB64E25AA190100E87FEA /* Sources */,
				988CB64F25AA190100E87FEA /* Frameworks */,
				988CB65025AA190100E87FEA /* Resources */,
			);
			buildRules = (
			);
			dependencies = (
				988CB65425AA190100E87FEA /* PBXTargetDependency */,
			);
			name = SimpleAppUITests;
			productName = SimpleAppUITests;
			productReference = 988CB65225AA190100E87FEA /* SimpleAppUITests.xctest */;
			productType = "com.apple.product-type.bundle.ui-testing";
		};
/* End PBXNativeTarget section */

/* Begin PBXProject section */
		988CB62925AA18FF00E87FEA /* Project object */ = {
			isa = PBXProject;
			attributes = {
				LastSwiftUpdateCheck = 1230;
				LastUpgradeCheck = 1230;
				TargetAttributes = {
					988CB63025AA18FF00E87FEA = {
						CreatedOnToolsVersion = 12.3;
					};
					988CB64625AA190100E87FEA = {
						CreatedOnToolsVersion = 12.3;
						TestTargetID = 988CB63025AA18FF00E87FEA;
					};
					988CB65125AA190100E87FEA = {
						CreatedOnToolsVersion = 12.3;
						TestTargetID = 988CB63025AA18FF00E87FEA;
					};
				};
			};
			buildConfigurationList = 988CB62C25AA18FF00E87FEA /* Build configuration list for PBXProject "SimpleApp" */;
			compatibilityVersion = "Xcode 9.3";
			developmentRegion = en;
			hasScannedForEncodings = 0;
			knownRegions = (
				en,
				Base,
			);
			mainGroup = 988CB62825AA18FF00E87FEA;
			productRefGroup = 988CB63225AA18FF00E87FEA /* Products */;
			projectDirPath = "";
			projectRoot = "";
			targets = (
				988CB63025AA18FF00E87FEA /* SimpleApp */,
				988CB64625AA190100E87FEA /* SimpleAppTests */,
				988CB65125AA190100E87FEA /* SimpleAppUITests */,
			);
		};
/* End PBXProject section */

/* Begin PBXResourcesBuildPhase section */
		988CB62F25AA18FF00E87FEA /* Resources */ = {
			isa = PBXResourcesBuildPhase;
			buildActionMask = 2147483647;
			files = (
				988CB64125AA190100E87FEA /* LaunchScreen.storyboard in Resources */,
				988CB63E25AA190100E87FEA /* Preview Assets.xcassets in Resources */,
				988CB63B25AA190100E87FEA /* Assets.xcassets in Resources */,
			);
			runOnlyForDeploymentPostprocessing = 0;
		};
		988CB64525AA190100E87FEA /* Resources */ = {
			isa = PBXResourcesBuildPhase;
			buildActionMask = 2147483647;
			files = (
			);
			runOnlyForDeploymentPostprocessing = 0;
		};
		988CB65025AA190100E87FEA /* Resources */ = {
			isa = PBXResourcesBuildPhase;
			buildActionMask = 2147483647;
			files = (
			);
			runOnlyForDeploymentPostprocessing = 0;
		};
/* End PBXResourcesBuildPhase section */

/* Begin PBXSourcesBuildPhase section */
		988CB62D25AA18FF00E87FEA /* Sources */ = {
			isa = PBXSourcesBuildPhase;
			buildActionMask = 2147483647;
			files = (
				988CB67225AA1C4800E87FEA /* ContentDetail.swift in Sources */,
				988CB68925AA612400E87FEA /* CardView.swift in Sources */,
				988CB63525AA18FF00E87FEA /* AppDelegate.swift in Sources */,
				98110BF025AB8471001D1618 /* HomePageData.swift in Sources */,
				98110C0925AB87F5001D1618 /* AppConfigData.swift in Sources */,
				988CB67C25AA51FA00E87FEA /* UIScreen+size.swift in Sources */,
				988CB67725AA29BA00E87FEA /* RemoteImage.swift in Sources */,
				98110BD025AB6975001D1618 /* Test.swift in Sources */,
				98110BC325AB60AA001D1618 /* RemoteImageCircle.swift in Sources */,
				98110BC825AB63CC001D1618 /* Photo.swift in Sources */,
				98110BEB25AB83F5001D1618 /* ContentPhotosData.swift in Sources */,
				988CB63725AA18FF00E87FEA /* SceneDelegate.swift in Sources */,
				98110BFD25AB8629001D1618 /* ListConfigData.swift in Sources */,
				98F7161825B0CF9000885D54 /* ImageData.swift in Sources */,
				988CB68425AA5DCC00E87FEA /* ContentPhotos.swift in Sources */,
				98110C1D25ABC2D4001D1618 /* Destination.swift in Sources */,
				98110BF525AB8523001D1618 /* GridConfigData.swift in Sources */,
				98110BE625AB838B001D1618 /* ContentDetailData.swift in Sources */,
				988CB63925AA18FF00E87FEA /* ContentView.swift in Sources */,
			);
			runOnlyForDeploymentPostprocessing = 0;
		};
		988CB64325AA190100E87FEA /* Sources */ = {
			isa = PBXSourcesBuildPhase;
			buildActionMask = 2147483647;
			files = (
				988CB64C25AA190100E87FEA /* SimpleAppTests.swift in Sources */,
			);
			runOnlyForDeploymentPostprocessing = 0;
		};
		988CB64E25AA190100E87FEA /* Sources */ = {
			isa = PBXSourcesBuildPhase;
			buildActionMask = 2147483647;
			files = (
				988CB65725AA190100E87FEA /* SimpleAppUITests.swift in Sources */,
			);
			runOnlyForDeploymentPostprocessing = 0;
		};
/* End PBXSourcesBuildPhase section */

/* Begin PBXTargetDependency section */
		988CB64925AA190100E87FEA /* PBXTargetDependency */ = {
			isa = PBXTargetDependency;
			target = 988CB63025AA18FF00E87FEA /* SimpleApp */;
			targetProxy = 988CB64825AA190100E87FEA /* PBXContainerItemProxy */;
		};
		988CB65425AA190100E87FEA /* PBXTargetDependency */ = {
			isa = PBXTargetDependency;
			target = 988CB63025AA18FF00E87FEA /* SimpleApp */;
			targetProxy = 988CB65325AA190100E87FEA /* PBXContainerItemProxy */;
		};
/* End PBXTargetDependency section */

/* Begin PBXVariantGroup section */
		988CB63F25AA190100E87FEA /* LaunchScreen.storyboard */ = {
			isa = PBXVariantGroup;
			children = (
				988CB64025AA190100E87FEA /* Base */,
			);
			name = LaunchScreen.storyboard;
			sourceTree = "<group>";
		};
/* End PBXVariantGroup section */

/* Begin XCBuildConfiguration section */
		988CB65925AA190100E87FEA /* Debug */ = {
			isa = XCBuildConfiguration;
			buildSettings = {
				ALWAYS_SEARCH_USER_PATHS = NO;
				CLANG_ANALYZER_NONNULL = YES;
				CLANG_ANALYZER_NUMBER_OBJECT_CONVERSION = YES_AGGRESSIVE;
				CLANG_CXX_LANGUAGE_STANDARD = "gnu++14";
				CLANG_CXX_LIBRARY = "libc++";
				CLANG_ENABLE_MODULES = YES;
				CLANG_ENABLE_OBJC_ARC = YES;
				CLANG_ENABLE_OBJC_WEAK = YES;
				CLANG_WARN_BLOCK_CAPTURE_AUTORELEASING = YES;
				CLANG_WARN_BOOL_CONVERSION = YES;
				CLANG_WARN_COMMA = YES;
				CLANG_WARN_CONSTANT_CONVERSION = YES;
				CLANG_WARN_DEPRECATED_OBJC_IMPLEMENTATIONS = YES;
				CLANG_WARN_DIRECT_OBJC_ISA_USAGE = YES_ERROR;
				CLANG_WARN_DOCUMENTATION_COMMENTS = YES;
				CLANG_WARN_EMPTY_BODY = YES;
				CLANG_WARN_ENUM_CONVERSION = YES;
				CLANG_WARN_INFINITE_RECURSION = YES;
				CLANG_WARN_INT_CONVERSION = YES;
				CLANG_WARN_NON_LITERAL_NULL_CONVERSION = YES;
				CLANG_WARN_OBJC_IMPLICIT_RETAIN_SELF = YES;
				CLANG_WARN_OBJC_LITERAL_CONVERSION = YES;
				CLANG_WARN_OBJC_ROOT_CLASS = YES_ERROR;
				CLANG_WARN_QUOTED_INCLUDE_IN_FRAMEWORK_HEADER = YES;
				CLANG_WARN_RANGE_LOOP_ANALYSIS = YES;
				CLANG_WARN_STRICT_PROTOTYPES = YES;
				CLANG_WARN_SUSPICIOUS_MOVE = YES;
				CLANG_WARN_UNGUARDED_AVAILABILITY = YES_AGGRESSIVE;
				CLANG_WARN_UNREACHABLE_CODE = YES;
				CLANG_WARN__DUPLICATE_METHOD_MATCH = YES;
				COPY_PHASE_STRIP = NO;
				DEBUG_INFORMATION_FORMAT = dwarf;
				ENABLE_STRICT_OBJC_MSGSEND = YES;
				ENABLE_TESTABILITY = YES;
				GCC_C_LANGUAGE_STANDARD = gnu11;
				GCC_DYNAMIC_NO_PIC = NO;
				GCC_NO_COMMON_BLOCKS = YES;
				GCC_OPTIMIZATION_LEVEL = 0;
				GCC_PREPROCESSOR_DEFINITIONS = (
					"DEBUG=1",
					"$(inherited)",
				);
				GCC_WARN_64_TO_32_BIT_CONVERSION = YES;
				GCC_WARN_ABOUT_RETURN_TYPE = YES_ERROR;
				GCC_WARN_UNDECLARED_SELECTOR = YES;
				GCC_WARN_UNINITIALIZED_AUTOS = YES_AGGRESSIVE;
				GCC_WARN_UNUSED_FUNCTION = YES;
				GCC_WARN_UNUSED_VARIABLE = YES;
				IPHONEOS_DEPLOYMENT_TARGET = 14.3;
				MTL_ENABLE_DEBUG_INFO = INCLUDE_SOURCE;
				MTL_FAST_MATH = YES;
				ONLY_ACTIVE_ARCH = YES;
				SDKROOT = iphoneos;
				SWIFT_ACTIVE_COMPILATION_CONDITIONS = DEBUG;
				SWIFT_OPTIMIZATION_LEVEL = "-Onone";
			};
			name = Debug;
		};
		988CB65A25AA190100E87FEA /* Release */ = {
			isa = XCBuildConfiguration;
			buildSettings = {
				ALWAYS_SEARCH_USER_PATHS = NO;
				CLANG_ANALYZER_NONNULL = YES;
				CLANG_ANALYZER_NUMBER_OBJECT_CONVERSION = YES_AGGRESSIVE;
				CLANG_CXX_LANGUAGE_STANDARD = "gnu++14";
				CLANG_CXX_LIBRARY = "libc++";
				CLANG_ENABLE_MODULES = YES;
				CLANG_ENABLE_OBJC_ARC = YES;
				CLANG_ENABLE_OBJC_WEAK = YES;
				CLANG_WARN_BLOCK_CAPTURE_AUTORELEASING = YES;
				CLANG_WARN_BOOL_CONVERSION = YES;
				CLANG_WARN_COMMA = YES;
				CLANG_WARN_CONSTANT_CONVERSION = YES;
				CLANG_WARN_DEPRECATED_OBJC_IMPLEMENTATIONS = YES;
				CLANG_WARN_DIRECT_OBJC_ISA_USAGE = YES_ERROR;
				CLANG_WARN_DOCUMENTATION_COMMENTS = YES;
				CLANG_WARN_EMPTY_BODY = YES;
				CLANG_WARN_ENUM_CONVERSION = YES;
				CLANG_WARN_INFINITE_RECURSION = YES;
				CLANG_WARN_INT_CONVERSION = YES;
				CLANG_WARN_NON_LITERAL_NULL_CONVERSION = YES;
				CLANG_WARN_OBJC_IMPLICIT_RETAIN_SELF = YES;
				CLANG_WARN_OBJC_LITERAL_CONVERSION = YES;
				CLANG_WARN_OBJC_ROOT_CLASS = YES_ERROR;
				CLANG_WARN_QUOTED_INCLUDE_IN_FRAMEWORK_HEADER = YES;
				CLANG_WARN_RANGE_LOOP_ANALYSIS = YES;
				CLANG_WARN_STRICT_PROTOTYPES = YES;
				CLANG_WARN_SUSPICIOUS_MOVE = YES;
				CLANG_WARN_UNGUARDED_AVAILABILITY = YES_AGGRESSIVE;
				CLANG_WARN_UNREACHABLE_CODE = YES;
				CLANG_WARN__DUPLICATE_METHOD_MATCH = YES;
				COPY_PHASE_STRIP = NO;
				DEBUG_INFORMATION_FORMAT = "dwarf-with-dsym";
				ENABLE_NS_ASSERTIONS = NO;
				ENABLE_STRICT_OBJC_MSGSEND = YES;
				GCC_C_LANGUAGE_STANDARD = gnu11;
				GCC_NO_COMMON_BLOCKS = YES;
				GCC_WARN_64_TO_32_BIT_CONVERSION = YES;
				GCC_WARN_ABOUT_RETURN_TYPE = YES_ERROR;
				GCC_WARN_UNDECLARED_SELECTOR = YES;
				GCC_WARN_UNINITIALIZED_AUTOS = YES_AGGRESSIVE;
				GCC_WARN_UNUSED_FUNCTION = YES;
				GCC_WARN_UNUSED_VARIABLE = YES;
				IPHONEOS_DEPLOYMENT_TARGET = 14.3;
				MTL_ENABLE_DEBUG_INFO = NO;
				MTL_FAST_MATH = YES;
				SDKROOT = iphoneos;
				SWIFT_COMPILATION_MODE = wholemodule;
				SWIFT_OPTIMIZATION_LEVEL = "-O";
				VALIDATE_PRODUCT = YES;
			};
			name = Release;
		};
		988CB65C25AA190100E87FEA /* Debug */ = {
			isa = XCBuildConfiguration;
			buildSettings = {
				ASSETCATALOG_COMPILER_APPICON_NAME = AppIcon;
				ASSETCATALOG_COMPILER_GLOBAL_ACCENT_COLOR_NAME = AccentColor;
				CODE_SIGN_STYLE = Automatic;
				DEVELOPMENT_ASSET_PATHS = "\"SimpleApp/Preview Content\"";
				ENABLE_PREVIEWS = YES;
				INFOPLIST_FILE = SimpleApp/Info.plist;
				LD_RUNPATH_SEARCH_PATHS = (
					"$(inherited)",
					"@executable_path/Frameworks",
				);
				PRODUCT_BUNDLE_IDENTIFIER = acyg.SimpleApp;
				PRODUCT_NAME = "$(TARGET_NAME)";
				SWIFT_VERSION = 5.0;
				TARGETED_DEVICE_FAMILY = "1,2";
			};
			name = Debug;
		};
		988CB65D25AA190100E87FEA /* Release */ = {
			isa = XCBuildConfiguration;
			buildSettings = {
				ASSETCATALOG_COMPILER_APPICON_NAME = AppIcon;
				ASSETCATALOG_COMPILER_GLOBAL_ACCENT_COLOR_NAME = AccentColor;
				CODE_SIGN_STYLE = Automatic;
				DEVELOPMENT_ASSET_PATHS = "\"SimpleApp/Preview Content\"";
				ENABLE_PREVIEWS = YES;
				INFOPLIST_FILE = SimpleApp/Info.plist;
				LD_RUNPATH_SEARCH_PATHS = (
					"$(inherited)",
					"@executable_path/Frameworks",
				);
				PRODUCT_BUNDLE_IDENTIFIER = acyg.SimpleApp;
				PRODUCT_NAME = "$(TARGET_NAME)";
				SWIFT_VERSION = 5.0;
				TARGETED_DEVICE_FAMILY = "1,2";
			};
			name = Release;
		};
		988CB65F25AA190100E87FEA /* Debug */ = {
			isa = XCBuildConfiguration;
			buildSettings = {
				ALWAYS_EMBED_SWIFT_STANDARD_LIBRARIES = YES;
				BUNDLE_LOADER = "$(TEST_HOST)";
				CODE_SIGN_STYLE = Automatic;
				INFOPLIST_FILE = SimpleAppTests/Info.plist;
				IPHONEOS_DEPLOYMENT_TARGET = 14.3;
				LD_RUNPATH_SEARCH_PATHS = (
					"$(inherited)",
					"@executable_path/Frameworks",
					"@loader_path/Frameworks",
				);
				PRODUCT_BUNDLE_IDENTIFIER = acyg.SimpleAppTests;
				PRODUCT_NAME = "$(TARGET_NAME)";
				SWIFT_VERSION = 5.0;
				TARGETED_DEVICE_FAMILY = "1,2";
				TEST_HOST = "$(BUILT_PRODUCTS_DIR)/SimpleApp.app/SimpleApp";
			};
			name = Debug;
		};
		988CB66025AA190100E87FEA /* Release */ = {
			isa = XCBuildConfiguration;
			buildSettings = {
				ALWAYS_EMBED_SWIFT_STANDARD_LIBRARIES = YES;
				BUNDLE_LOADER = "$(TEST_HOST)";
				CODE_SIGN_STYLE = Automatic;
				INFOPLIST_FILE = SimpleAppTests/Info.plist;
				IPHONEOS_DEPLOYMENT_TARGET = 14.3;
				LD_RUNPATH_SEARCH_PATHS = (
					"$(inherited)",
					"@executable_path/Frameworks",
					"@loader_path/Frameworks",
				);
				PRODUCT_BUNDLE_IDENTIFIER = acyg.SimpleAppTests;
				PRODUCT_NAME = "$(TARGET_NAME)";
				SWIFT_VERSION = 5.0;
				TARGETED_DEVICE_FAMILY = "1,2";
				TEST_HOST = "$(BUILT_PRODUCTS_DIR)/SimpleApp.app/SimpleApp";
			};
			name = Release;
		};
		988CB66225AA190100E87FEA /* Debug */ = {
			isa = XCBuildConfiguration;
			buildSettings = {
				ALWAYS_EMBED_SWIFT_STANDARD_LIBRARIES = YES;
				CODE_SIGN_STYLE = Automatic;
				INFOPLIST_FILE = SimpleAppUITests/Info.plist;
				LD_RUNPATH_SEARCH_PATHS = (
					"$(inherited)",
					"@executable_path/Frameworks",
					"@loader_path/Frameworks",
				);
				PRODUCT_BUNDLE_IDENTIFIER = acyg.SimpleAppUITests;
				PRODUCT_NAME = "$(TARGET_NAME)";
				SWIFT_VERSION = 5.0;
				TARGETED_DEVICE_FAMILY = "1,2";
				TEST_TARGET_NAME = SimpleApp;
			};
			name = Debug;
		};
		988CB66325AA190100E87FEA /* Release */ = {
			isa = XCBuildConfiguration;
			buildSettings = {
				ALWAYS_EMBED_SWIFT_STANDARD_LIBRARIES = YES;
				CODE_SIGN_STYLE = Automatic;
				INFOPLIST_FILE = SimpleAppUITests/Info.plist;
				LD_RUNPATH_SEARCH_PATHS = (
					"$(inherited)",
					"@executable_path/Frameworks",
					"@loader_path/Frameworks",
				);
				PRODUCT_BUNDLE_IDENTIFIER = acyg.SimpleAppUITests;
				PRODUCT_NAME = "$(TARGET_NAME)";
				SWIFT_VERSION = 5.0;
				TARGETED_DEVICE_FAMILY = "1,2";
				TEST_TARGET_NAME = SimpleApp;
			};
			name = Release;
		};
/* End XCBuildConfiguration section */

/* Begin XCConfigurationList section */
		988CB62C25AA18FF00E87FEA /* Build configuration list for PBXProject "SimpleApp" */ = {
			isa = XCConfigurationList;
			buildConfigurations = (
				988CB65925AA190100E87FEA /* Debug */,
				988CB65A25AA190100E87FEA /* Release */,
			);
			defaultConfigurationIsVisible = 0;
			defaultConfigurationName = Release;
		};
		988CB65B25AA190100E87FEA /* Build configuration list for PBXNativeTarget "SimpleApp" */ = {
			isa = XCConfigurationList;
			buildConfigurations = (
				988CB65C25AA190100E87FEA /* Debug */,
				988CB65D25AA190100E87FEA /* Release */,
			);
			defaultConfigurationIsVisible = 0;
			defaultConfigurationName = Release;
		};
		988CB65E25AA190100E87FEA /* Build configuration list for PBXNativeTarget "SimpleAppTests" */ = {
			isa = XCConfigurationList;
			buildConfigurations = (
				988CB65F25AA190100E87FEA /* Debug */,
				988CB66025AA190100E87FEA /* Release */,
			);
			defaultConfigurationIsVisible = 0;
			defaultConfigurationName = Release;
		};
		988CB66125AA190100E87FEA /* Build configuration list for PBXNativeTarget "SimpleAppUITests" */ = {
			isa = XCConfigurationList;
			buildConfigurations = (
				988CB66225AA190100E87FEA /* Debug */,
				988CB66325AA190100E87FEA /* Release */,
			);
			defaultConfigurationIsVisible = 0;
			defaultConfigurationName = Release;
		};
/* End XCConfigurationList section */
	};
	rootObject = 988CB62925AA18FF00E87FEA /* Project object */;
}
